
Microsoft Visual Studio Solution File, Format Version 12.00
# Visual Studio 15
VisualStudioVersion = 15.0.28010.2003
MinimumVisualStudioVersion = 10.0.40219.1
Project("{FAE04EC0-301F-11D3-BF4B-00C04F79EFBC}") = "Models", "Models\Models.csproj", "{CA21FD1F-D83F-4A4F-94ED-D05E95F9611E}"
EndProject
Project("{FAE04EC0-301F-11D3-BF4B-00C04F79EFBC}") = "Interfaces", "Interfaces\Interfaces.csproj", "{6EA320EC-5B67-42A6-909E-C0AC66798EFB}"
EndProject
Project("{FAE04EC0-301F-11D3-BF4B-00C04F79EFBC}") = "CodeDuplicationChecker", "CodeDuplicationChecker\CodeDuplicationChecker.csproj", "{3DC31D7A-B838-41A3-A483-05369B3DECBA}"
EndProject
Project("{FAE04EC0-301F-11D3-BF4B-00C04F79EFBC}") = "UnitTests", "CodeDuplicationCheckerTests\UnitTests.csproj", "{974CF8DF-4EC4-4256-A320-ABE8D428AF0D}"
EndProject
Project("{9A19103F-16F7-4668-BE54-9A1E7A4F7556}") = "CountMatrixCloneDetection", "CountMatrixCloneDetection\CountMatrixCloneDetection.csproj", "{249DDC98-B1C8-4D4F-A063-20BE510D022E}"
EndProject
Project("{FAE04EC0-301F-11D3-BF4B-00C04F79EFBC}") = "CodeDuplicationCheckerApp", "CodeDuplicationCheckerApp\CodeDuplicationCheckerApp.csproj", "{E089DC09-0D77-467C-9A12-4010562A005D}"
EndProject
Project("{FAE04EC0-301F-11D3-BF4B-00C04F79EFBC}") = "IntegrationTests", "CodeDuplicationCheckerIntegrationTests\IntegrationTests.csproj", "{E2FC76E9-F3C6-4FA6-9E45-93EE44B21E09}"
EndProject
Project("{2150E333-8FDC-42A3-9474-1A3956D46DE8}") = "SampleCode", "SampleCode", "{B7B20149-FF27-48A5-BDBD-F232DAA39D74}"
EndProject
Project("{2150E333-8FDC-42A3-9474-1A3956D46DE8}") = "DemoTests", "DemoTests", "{533C246C-7764-4415-BCD5-46804D325DF6}"
	ProjectSection(SolutionItems) = preProject
		SampleCode\DemoTests\DuplicateMethods.cs = SampleCode\DemoTests\DuplicateMethods.cs
	EndProjectSection
EndProject
Project("{2150E333-8FDC-42A3-9474-1A3956D46DE8}") = "UnitTests", "UnitTests", "{63D66E57-9310-4950-9C6E-0EB6D68289AB}"
	ProjectSection(SolutionItems) = preProject
		SampleCode\UnitTests\RiddledWithDuplicates.cs = SampleCode\UnitTests\RiddledWithDuplicates.cs
	EndProjectSection
EndProject
Project("{FAE04EC0-301F-11D3-BF4B-00C04F79EFBC}") = "NaiveStringComparer", "NaiveStringComparer\NaiveStringComparer.csproj", "{39072DFA-FBC5-4C5D-8B1D-17E11A2394D5}"
EndProject
Project("{2150E333-8FDC-42A3-9474-1A3956D46DE8}") = "Tests", "Tests", "{8947A8C8-2B78-46E1-BA88-FF3A17E9077C}"
EndProject
Project("{FAE04EC0-301F-11D3-BF4B-00C04F79EFBC}") = "TypeValidationTests", "TypeValidationTests\TypeValidationTests.csproj", "{9C8C1585-25AF-4A10-A285-79B07674E9F2}"
EndProject
Project("{2150E333-8FDC-42A3-9474-1A3956D46DE8}") = "TypeValidationTests", "TypeValidationTests", "{8C45E3F0-4F43-4BD3-9D01-28E67C79FCC8}"
EndProject
Project("{2150E333-8FDC-42A3-9474-1A3956D46DE8}") = "Type1Tests", "Type1Tests", "{6E117A6C-08AE-4E96-9B21-D5DB5223A4F7}"
	ProjectSection(SolutionItems) = preProject
		SampleCode\TypeValidationTests\Type1Tests\VariationsInWhiteSpaceLayoutsComments.cs = SampleCode\TypeValidationTests\Type1Tests\VariationsInWhiteSpaceLayoutsComments.cs
	EndProjectSection
EndProject
Project("{2150E333-8FDC-42A3-9474-1A3956D46DE8}") = "Type2Tests", "Type2Tests", "{5F8E06C3-68A6-400C-8ED5-F4753810B220}"
	ProjectSection(SolutionItems) = preProject
		SampleCode\TypeValidationTests\Type2Tests\VariationsInLiteralsTypes.cs = SampleCode\TypeValidationTests\Type2Tests\VariationsInLiteralsTypes.cs
	EndProjectSection
EndProject
Project("{2150E333-8FDC-42A3-9474-1A3956D46DE8}") = "Type3Tests", "Type3Tests", "{C6662481-39E8-499F-9333-6F8A8124F308}"
	ProjectSection(SolutionItems) = preProject
		SampleCode\TypeValidationTests\Type3Tests\VariationsInOrdering.cs = SampleCode\TypeValidationTests\Type3Tests\VariationsInOrdering.cs
	EndProjectSection
EndProject
Project("{2150E333-8FDC-42A3-9474-1A3956D46DE8}") = "Type4Tests", "Type4Tests", "{4EBDCEF7-84F5-4761-B407-3A3328022286}"
	ProjectSection(SolutionItems) = preProject
		SampleCode\TypeValidationTests\Type4Tests\VariationsInSyntacticVariants.cs = SampleCode\TypeValidationTests\Type4Tests\VariationsInSyntacticVariants.cs
	EndProjectSection
EndProject

Global
	GlobalSection(SolutionConfigurationPlatforms) = preSolution
		Debug|Any CPU = Debug|Any CPU
		Debug|x64 = Debug|x64
		Debug|x86 = Debug|x86
		Release|Any CPU = Release|Any CPU
		Release|x64 = Release|x64
		Release|x86 = Release|x86
	EndGlobalSection
	GlobalSection(ProjectConfigurationPlatforms) = postSolution
		{3DC31D7A-B838-41A3-A483-05369B3DECBA}.Debug|Any CPU.ActiveCfg = Debug|Any CPU
		{3DC31D7A-B838-41A3-A483-05369B3DECBA}.Debug|Any CPU.Build.0 = Debug|Any CPU
		{3DC31D7A-B838-41A3-A483-05369B3DECBA}.Debug|x64.ActiveCfg = Debug|Any CPU
		{3DC31D7A-B838-41A3-A483-05369B3DECBA}.Debug|x64.Build.0 = Debug|Any CPU
		{3DC31D7A-B838-41A3-A483-05369B3DECBA}.Debug|x86.ActiveCfg = Debug|Any CPU
		{3DC31D7A-B838-41A3-A483-05369B3DECBA}.Debug|x86.Build.0 = Debug|Any CPU
		{3DC31D7A-B838-41A3-A483-05369B3DECBA}.Release|Any CPU.ActiveCfg = Release|Any CPU
		{3DC31D7A-B838-41A3-A483-05369B3DECBA}.Release|Any CPU.Build.0 = Release|Any CPU
		{3DC31D7A-B838-41A3-A483-05369B3DECBA}.Release|x64.ActiveCfg = Release|Any CPU
		{3DC31D7A-B838-41A3-A483-05369B3DECBA}.Release|x64.Build.0 = Release|Any CPU
		{3DC31D7A-B838-41A3-A483-05369B3DECBA}.Release|x86.ActiveCfg = Release|Any CPU
		{3DC31D7A-B838-41A3-A483-05369B3DECBA}.Release|x86.Build.0 = Release|Any CPU
		{974CF8DF-4EC4-4256-A320-ABE8D428AF0D}.Debug|Any CPU.ActiveCfg = Debug|Any CPU
		{974CF8DF-4EC4-4256-A320-ABE8D428AF0D}.Debug|Any CPU.Build.0 = Debug|Any CPU
		{974CF8DF-4EC4-4256-A320-ABE8D428AF0D}.Debug|x64.ActiveCfg = Debug|Any CPU
		{974CF8DF-4EC4-4256-A320-ABE8D428AF0D}.Debug|x64.Build.0 = Debug|Any CPU
		{974CF8DF-4EC4-4256-A320-ABE8D428AF0D}.Debug|x86.ActiveCfg = Debug|Any CPU
		{974CF8DF-4EC4-4256-A320-ABE8D428AF0D}.Debug|x86.Build.0 = Debug|Any CPU
		{974CF8DF-4EC4-4256-A320-ABE8D428AF0D}.Release|Any CPU.ActiveCfg = Release|Any CPU
		{974CF8DF-4EC4-4256-A320-ABE8D428AF0D}.Release|Any CPU.Build.0 = Release|Any CPU
		{974CF8DF-4EC4-4256-A320-ABE8D428AF0D}.Release|x64.ActiveCfg = Release|Any CPU
		{974CF8DF-4EC4-4256-A320-ABE8D428AF0D}.Release|x64.Build.0 = Release|Any CPU
		{974CF8DF-4EC4-4256-A320-ABE8D428AF0D}.Release|x86.ActiveCfg = Release|Any CPU
		{974CF8DF-4EC4-4256-A320-ABE8D428AF0D}.Release|x86.Build.0 = Release|Any CPU
		{249DDC98-B1C8-4D4F-A063-20BE510D022E}.Debug|Any CPU.ActiveCfg = Debug|Any CPU
		{249DDC98-B1C8-4D4F-A063-20BE510D022E}.Debug|Any CPU.Build.0 = Debug|Any CPU
		{249DDC98-B1C8-4D4F-A063-20BE510D022E}.Debug|x64.ActiveCfg = Debug|Any CPU
		{249DDC98-B1C8-4D4F-A063-20BE510D022E}.Debug|x64.Build.0 = Debug|Any CPU
		{249DDC98-B1C8-4D4F-A063-20BE510D022E}.Debug|x86.ActiveCfg = Debug|Any CPU
		{249DDC98-B1C8-4D4F-A063-20BE510D022E}.Debug|x86.Build.0 = Debug|Any CPU
		{249DDC98-B1C8-4D4F-A063-20BE510D022E}.Release|Any CPU.ActiveCfg = Release|Any CPU
		{249DDC98-B1C8-4D4F-A063-20BE510D022E}.Release|Any CPU.Build.0 = Release|Any CPU
		{249DDC98-B1C8-4D4F-A063-20BE510D022E}.Release|x64.ActiveCfg = Release|Any CPU
		{249DDC98-B1C8-4D4F-A063-20BE510D022E}.Release|x64.Build.0 = Release|Any CPU
		{249DDC98-B1C8-4D4F-A063-20BE510D022E}.Release|x86.ActiveCfg = Release|Any CPU
		{249DDC98-B1C8-4D4F-A063-20BE510D022E}.Release|x86.Build.0 = Release|Any CPU
		{E089DC09-0D77-467C-9A12-4010562A005D}.Debug|Any CPU.ActiveCfg = Debug|Any CPU
		{E089DC09-0D77-467C-9A12-4010562A005D}.Debug|Any CPU.Build.0 = Debug|Any CPU
		{E089DC09-0D77-467C-9A12-4010562A005D}.Debug|x64.ActiveCfg = Debug|Any CPU
		{E089DC09-0D77-467C-9A12-4010562A005D}.Debug|x64.Build.0 = Debug|Any CPU
		{E089DC09-0D77-467C-9A12-4010562A005D}.Debug|x86.ActiveCfg = Debug|Any CPU
		{E089DC09-0D77-467C-9A12-4010562A005D}.Debug|x86.Build.0 = Debug|Any CPU
		{E089DC09-0D77-467C-9A12-4010562A005D}.Release|Any CPU.ActiveCfg = Release|Any CPU
		{E089DC09-0D77-467C-9A12-4010562A005D}.Release|Any CPU.Build.0 = Release|Any CPU
		{E089DC09-0D77-467C-9A12-4010562A005D}.Release|x64.ActiveCfg = Release|Any CPU
		{E089DC09-0D77-467C-9A12-4010562A005D}.Release|x64.Build.0 = Release|Any CPU
		{E089DC09-0D77-467C-9A12-4010562A005D}.Release|x86.ActiveCfg = Release|Any CPU
		{E089DC09-0D77-467C-9A12-4010562A005D}.Release|x86.Build.0 = Release|Any CPU
		{E2FC76E9-F3C6-4FA6-9E45-93EE44B21E09}.Debug|Any CPU.ActiveCfg = Debug|Any CPU
		{E2FC76E9-F3C6-4FA6-9E45-93EE44B21E09}.Debug|Any CPU.Build.0 = Debug|Any CPU
		{E2FC76E9-F3C6-4FA6-9E45-93EE44B21E09}.Debug|x64.ActiveCfg = Debug|Any CPU
		{E2FC76E9-F3C6-4FA6-9E45-93EE44B21E09}.Debug|x64.Build.0 = Debug|Any CPU
		{E2FC76E9-F3C6-4FA6-9E45-93EE44B21E09}.Debug|x86.ActiveCfg = Debug|Any CPU
		{E2FC76E9-F3C6-4FA6-9E45-93EE44B21E09}.Debug|x86.Build.0 = Debug|Any CPU
		{E2FC76E9-F3C6-4FA6-9E45-93EE44B21E09}.Release|Any CPU.ActiveCfg = Release|Any CPU
		{E2FC76E9-F3C6-4FA6-9E45-93EE44B21E09}.Release|Any CPU.Build.0 = Release|Any CPU
		{E2FC76E9-F3C6-4FA6-9E45-93EE44B21E09}.Release|x64.ActiveCfg = Release|Any CPU
		{E2FC76E9-F3C6-4FA6-9E45-93EE44B21E09}.Release|x64.Build.0 = Release|Any CPU
		{E2FC76E9-F3C6-4FA6-9E45-93EE44B21E09}.Release|x86.ActiveCfg = Release|Any CPU
		{E2FC76E9-F3C6-4FA6-9E45-93EE44B21E09}.Release|x86.Build.0 = Release|Any CPU
		{39072DFA-FBC5-4C5D-8B1D-17E11A2394D5}.Debug|Any CPU.ActiveCfg = Debug|Any CPU
		{39072DFA-FBC5-4C5D-8B1D-17E11A2394D5}.Debug|Any CPU.Build.0 = Debug|Any CPU
		{39072DFA-FBC5-4C5D-8B1D-17E11A2394D5}.Debug|x64.ActiveCfg = Debug|Any CPU
		{39072DFA-FBC5-4C5D-8B1D-17E11A2394D5}.Debug|x64.Build.0 = Debug|Any CPU
		{39072DFA-FBC5-4C5D-8B1D-17E11A2394D5}.Debug|x86.ActiveCfg = Debug|Any CPU
		{39072DFA-FBC5-4C5D-8B1D-17E11A2394D5}.Debug|x86.Build.0 = Debug|Any CPU
		{39072DFA-FBC5-4C5D-8B1D-17E11A2394D5}.Release|Any CPU.ActiveCfg = Release|Any CPU
		{39072DFA-FBC5-4C5D-8B1D-17E11A2394D5}.Release|Any CPU.Build.0 = Release|Any CPU
		{39072DFA-FBC5-4C5D-8B1D-17E11A2394D5}.Release|x64.ActiveCfg = Release|Any CPU
		{39072DFA-FBC5-4C5D-8B1D-17E11A2394D5}.Release|x64.Build.0 = Release|Any CPU
		{39072DFA-FBC5-4C5D-8B1D-17E11A2394D5}.Release|x86.ActiveCfg = Release|Any CPU
		{39072DFA-FBC5-4C5D-8B1D-17E11A2394D5}.Release|x86.Build.0 = Release|Any CPU
		{9C8C1585-25AF-4A10-A285-79B07674E9F2}.Debug|Any CPU.ActiveCfg = Debug|Any CPU
		{9C8C1585-25AF-4A10-A285-79B07674E9F2}.Debug|Any CPU.Build.0 = Debug|Any CPU
		{9C8C1585-25AF-4A10-A285-79B07674E9F2}.Debug|x64.ActiveCfg = Debug|Any CPU
		{9C8C1585-25AF-4A10-A285-79B07674E9F2}.Debug|x64.Build.0 = Debug|Any CPU
		{9C8C1585-25AF-4A10-A285-79B07674E9F2}.Debug|x86.ActiveCfg = Debug|Any CPU
		{9C8C1585-25AF-4A10-A285-79B07674E9F2}.Debug|x86.Build.0 = Debug|Any CPU
		{9C8C1585-25AF-4A10-A285-79B07674E9F2}.Release|Any CPU.ActiveCfg = Release|Any CPU
		{9C8C1585-25AF-4A10-A285-79B07674E9F2}.Release|Any CPU.Build.0 = Release|Any CPU
		{9C8C1585-25AF-4A10-A285-79B07674E9F2}.Release|x64.ActiveCfg = Release|Any CPU
		{9C8C1585-25AF-4A10-A285-79B07674E9F2}.Release|x64.Build.0 = Release|Any CPU
		{9C8C1585-25AF-4A10-A285-79B07674E9F2}.Release|x86.ActiveCfg = Release|Any CPU
		{9C8C1585-25AF-4A10-A285-79B07674E9F2}.Release|x86.Build.0 = Release|Any CPU
		{CA21FD1F-D83F-4A4F-94ED-D05E95F9611E}.Debug|Any CPU.ActiveCfg = Debug|Any CPU
		{CA21FD1F-D83F-4A4F-94ED-D05E95F9611E}.Debug|Any CPU.Build.0 = Debug|Any CPU
		{CA21FD1F-D83F-4A4F-94ED-D05E95F9611E}.Debug|x64.ActiveCfg = Debug|Any CPU
		{CA21FD1F-D83F-4A4F-94ED-D05E95F9611E}.Debug|x64.Build.0 = Debug|Any CPU
		{CA21FD1F-D83F-4A4F-94ED-D05E95F9611E}.Debug|x86.ActiveCfg = Debug|Any CPU
		{CA21FD1F-D83F-4A4F-94ED-D05E95F9611E}.Debug|x86.Build.0 = Debug|Any CPU
		{CA21FD1F-D83F-4A4F-94ED-D05E95F9611E}.Release|Any CPU.ActiveCfg = Release|Any CPU
		{CA21FD1F-D83F-4A4F-94ED-D05E95F9611E}.Release|Any CPU.Build.0 = Release|Any CPU
		{CA21FD1F-D83F-4A4F-94ED-D05E95F9611E}.Release|x64.ActiveCfg = Release|Any CPU
		{CA21FD1F-D83F-4A4F-94ED-D05E95F9611E}.Release|x64.Build.0 = Release|Any CPU
		{CA21FD1F-D83F-4A4F-94ED-D05E95F9611E}.Release|x86.ActiveCfg = Release|Any CPU
		{CA21FD1F-D83F-4A4F-94ED-D05E95F9611E}.Release|x86.Build.0 = Release|Any CPU
		{6EA320EC-5B67-42A6-909E-C0AC66798EFB}.Debug|Any CPU.ActiveCfg = Debug|Any CPU
		{6EA320EC-5B67-42A6-909E-C0AC66798EFB}.Debug|Any CPU.Build.0 = Debug|Any CPU
		{6EA320EC-5B67-42A6-909E-C0AC66798EFB}.Debug|x64.ActiveCfg = Debug|Any CPU
		{6EA320EC-5B67-42A6-909E-C0AC66798EFB}.Debug|x64.Build.0 = Debug|Any CPU
		{6EA320EC-5B67-42A6-909E-C0AC66798EFB}.Debug|x86.ActiveCfg = Debug|Any CPU
		{6EA320EC-5B67-42A6-909E-C0AC66798EFB}.Debug|x86.Build.0 = Debug|Any CPU
		{6EA320EC-5B67-42A6-909E-C0AC66798EFB}.Release|Any CPU.ActiveCfg = Release|Any CPU
		{6EA320EC-5B67-42A6-909E-C0AC66798EFB}.Release|Any CPU.Build.0 = Release|Any CPU
		{6EA320EC-5B67-42A6-909E-C0AC66798EFB}.Release|x64.ActiveCfg = Release|Any CPU
		{6EA320EC-5B67-42A6-909E-C0AC66798EFB}.Release|x64.Build.0 = Release|Any CPU
		{6EA320EC-5B67-42A6-909E-C0AC66798EFB}.Release|x86.ActiveCfg = Release|Any CPU
		{6EA320EC-5B67-42A6-909E-C0AC66798EFB}.Release|x86.Build.0 = Release|Any CPU
	EndGlobalSection
	GlobalSection(SolutionProperties) = preSolution
		HideSolutionNode = FALSE
	EndGlobalSection
	GlobalSection(NestedProjects) = preSolution
		{974CF8DF-4EC4-4256-A320-ABE8D428AF0D} = {8947A8C8-2B78-46E1-BA88-FF3A17E9077C}
		{E2FC76E9-F3C6-4FA6-9E45-93EE44B21E09} = {8947A8C8-2B78-46E1-BA88-FF3A17E9077C}
		{533C246C-7764-4415-BCD5-46804D325DF6} = {B7B20149-FF27-48A5-BDBD-F232DAA39D74}
		{63D66E57-9310-4950-9C6E-0EB6D68289AB} = {B7B20149-FF27-48A5-BDBD-F232DAA39D74}
		{9C8C1585-25AF-4A10-A285-79B07674E9F2} = {8947A8C8-2B78-46E1-BA88-FF3A17E9077C}
		{8C45E3F0-4F43-4BD3-9D01-28E67C79FCC8} = {B7B20149-FF27-48A5-BDBD-F232DAA39D74}
		{6E117A6C-08AE-4E96-9B21-D5DB5223A4F7} = {8C45E3F0-4F43-4BD3-9D01-28E67C79FCC8}
		{5F8E06C3-68A6-400C-8ED5-F4753810B220} = {8C45E3F0-4F43-4BD3-9D01-28E67C79FCC8}
		{C6662481-39E8-499F-9333-6F8A8124F308} = {8C45E3F0-4F43-4BD3-9D01-28E67C79FCC8}
		{4EBDCEF7-84F5-4761-B407-3A3328022286} = {8C45E3F0-4F43-4BD3-9D01-28E67C79FCC8}
	EndGlobalSection
	GlobalSection(ExtensibilityGlobals) = postSolution
		SolutionGuid = {89C10415-0995-409F-A5E5-8D372381D5EB}
	EndGlobalSection
EndGlobal
