
Microsoft Visual Studio Solution File, Format Version 12.00
# Visual Studio Version 16
VisualStudioVersion = 16.0.28803.352
MinimumVisualStudioVersion = 10.0.40219.1
Project("{FAE04EC0-301F-11D3-BF4B-00C04F79EFBC}") = "Dedup", "Dedup\Dedup.csproj", "{EF73C4E7-3CC6-4425-B12C-4E459F98DDEE}"
EndProject
Global
	GlobalSection(SolutionConfigurationPlatforms) = preSolution
		Debug|Any CPU = Debug|Any CPU
		Release|Any CPU = Release|Any CPU
	EndGlobalSection
	GlobalSection(ProjectConfigurationPlatforms) = postSolution
		{EF73C4E7-3CC6-4425-B12C-4E459F98DDEE}.Debug|Any CPU.ActiveCfg = Debug|Any CPU
		{EF73C4E7-3CC6-4425-B12C-4E459F98DDEE}.Debug|Any CPU.Build.0 = Debug|Any CPU
		{EF73C4E7-3CC6-4425-B12C-4E459F98DDEE}.Release|Any CPU.ActiveCfg = Release|Any CPU
		{EF73C4E7-3CC6-4425-B12C-4E459F98DDEE}.Release|Any CPU.Build.0 = Release|Any CPU
	EndGlobalSection
	GlobalSection(SolutionProperties) = preSolution
		HideSolutionNode = FALSE
	EndGlobalSection
	GlobalSection(ExtensibilityGlobals) = postSolution
		SolutionGuid = {F4D5BB4A-4477-4A31-BD62-706F5F5D203E}
	EndGlobalSection
EndGlobal
